{
    "_meta": {
        "hash": {
            "sha256": "5c7545c65d3034445666c46f6c57e20436630acabcadbe6c9cec24df3dc4a7ee"
        },
        "pipfile-spec": 6,
        "requires": {
            "python_version": "3.7"
        },
        "sources": [
            {
                "name": "pypi",
                "url": "https://pypi.org/simple",
                "verify_ssl": true
            }
        ]
    },
    "default": {
        "mongoengine": {
            "hashes": [
                "sha256:8c2494dac7d727e67cd3c75ba086c02744bcdc9fe4d47b9aeff1fbe8c7c48724",
                "sha256:cab88831a0ee587765f87a5cb83f5d3a478ea47cc90cfaff8b8c620f52ab5d09"
            ],
            "index": "pypi",
            "version": "==0.17.0"
        },
        "mypy": {
            "hashes": [
                "sha256:308c274eb8482fbf16006f549137ddc0d69e5a589465e37b99c4564414363ca7",
                "sha256:e80fd6af34614a0e898a57f14296d0dacb584648f0339c2e000ddbf0f4cc2f8d"
            ],
            "index": "pypi",
            "version": "==0.670"
        },
        "mypy-extensions": {
            "hashes": [
                "sha256:090fedd75945a69ae91ce1303b5824f428daf5a028d2f6ab8a299250a846f15d",
                "sha256:2d82818f5bb3e369420cb3c4060a7970edba416647068eb4c5343488a6c604a8"
            ],
            "version": "==0.4.3"
        },
        "pymongo": {
            "hashes": [
                "sha256:025f94fc1e1364f00e50badc88c47f98af20012f23317234e51a11333ef986e6",
                "sha256:02aa7fb282606331aefbc0586e2cf540e9dbe5e343493295e7f390936ad2738e",
                "sha256:057210e831573e932702cf332012ed39da78edf0f02d24a3f0b213264a87a397",
                "sha256:0d946b79c56187fe139276d4c8ed612a27a616966c8b9779d6b79e2053587c8b",
                "sha256:104790893b928d310aae8a955e0bdbaa442fb0ac0a33d1bbb0741c791a407778",
                "sha256:15527ef218d95a8717486106553b0d54ff2641e795b65668754e17ab9ca6e381",
                "sha256:1826527a0b032f6e20e7ac7f72d7c26dd476a5e5aa82c04aa1c7088a59fded7d",
                "sha256:22e3aa4ce1c3eebc7f70f9ca7fd4ce1ea33e8bdb7b61996806cd312f08f84a3a",
                "sha256:244e1101e9a48615b9a16cbd194f73c115fdfefc96894803158608115f703b26",
                "sha256:24b8c04fdb633a84829d03909752c385faef249c06114cc8d8e1700b95aae5c8",
                "sha256:2c276696350785d3104412cbe3ac70ab1e3a10c408e7b20599ee41403a3ed630",
                "sha256:2d8474dc833b1182b651b184ace997a7bd83de0f51244de988d3c30e49f07de3",
                "sha256:3119b57fe1d964781e91a53e81532c85ed1701baaddec592e22f6b77a9fdf3df",
                "sha256:3bee8e7e0709b0fcdaa498a3e513bde9ffc7cd09dbceb11e425bd91c89dbd5b6",
                "sha256:436c071e01a464753d30dbfc8768dd93aecf2a8e378e5314d130b95e77b4d612",
                "sha256:46635e3f19ad04d5a7d7cf23d232388ddbfccf46d9a3b7436b6abadda4e84813",
                "sha256:4772e0b679717e7ac4608d996f57b6f380748a919b457cb05bb941467b888b22",
                "sha256:4e2cd80e16f481a62c3175b607373200e714ed29025f21559ebf7524f295689f",
                "sha256:52732960efa0e003ca1c092dc0a3c65276e897681287a788a01ca78dda3b41f0",
                "sha256:55a7de51ec7d1731b2431886d0349146645f2816e5b8eb982d7c49f89472c9f3",
                "sha256:5f8ed5934197a2d4b2087646e98de3e099a237099dcf498b9e38dd3465f74ef4",
                "sha256:64b064124fcbc8eb04a155117dc4d9a336e3cda3f069958fbc44fe70c3c3d1e9",
                "sha256:65958b8e4319f992e85dad59d8081888b97fcdbde5f0d14bc28f2848b92d3ef1",
                "sha256:7683428862e20c6a790c19e64f8ccf487f613fbc83d47e3d532df9c81668d451",
                "sha256:78566d5570c75a127c2491e343dc006798a384f06be588fe9b0cbe5595711559",
                "sha256:7d1cb00c093dbf1d0b16ccf123e79dee3b82608e4a2a88947695f0460eef13ff",
                "sha256:8c74e2a9b594f7962c62cef7680a4cb92a96b4e6e3c2f970790da67cc0213a7e",
                "sha256:8e60aa7699170f55f4b0f56ee6f8415229777ac7e4b4b1aa41fc61eec08c1f1d",
                "sha256:9447b561529576d89d3bf973e5241a88cf76e45bd101963f5236888713dea774",
                "sha256:970055bfeb0be373f2f5299a3db8432444bad3bc2f198753ee6c2a3a781e0959",
                "sha256:a6344b8542e584e140dc3c651d68bde51270e79490aa9320f9e708f9b2c39bd5",
                "sha256:ce309ca470d747b02ba6069d286a17b7df8e9c94d10d727d9cf3a64e51d85184",
                "sha256:cfbd86ed4c2b2ac71bbdbcea6669bf295def7152e3722ddd9dda94ac7981f33d",
                "sha256:d7929c513732dff093481f4a0954ed5ff16816365842136b17caa0b4992e49d3"
            ],
            "index": "pypi",
            "version": "==3.7.2"
        },
        "six": {
            "hashes": [
                "sha256:30639c035cdb23534cd4aa2dd52c3bf48f06e5f4a941509c8bafd8ce11080259",
                "sha256:8b74bedcbbbaca38ff6d7491d76f2b06b3592611af620f8426e82dddb04a5ced"
            ],
            "version": "==1.15.0"
        },
        "typed-ast": {
            "hashes": [
                "sha256:01afc9431f6a3285232915dcbff935937f0271196ed9b52f710bfe6013630554",
                "sha256:1755020d865dd621393d0453a93530e87c091aef7564189b945eee86a34df617",
                "sha256:1d9549f424d59742a4a598a4b23393e2771e32ba8c6ab2655ca186673eacbcc4",
                "sha256:23083f23c44782e6849cb58e8a8c113597fd46120209f34a2a5891384645cc56",
                "sha256:244bc007c2da0750e323657da76dab686327939fe4ff77b23ce49a01b0a85da7",
                "sha256:2c4a37edd1cd2b01aba51c2b92eb5b330cf5789e2484a42dd04a7795695450a2",
                "sha256:6a338cd66cb4cb1f5477d36d363d6fdfe8a552a2b0a485a36f1857ae79a6a0c7",
                "sha256:731f448d6dd9f055d7efd948e497c48d6a5aa681a16703ef1cd1f8023b180db3",
                "sha256:9371921a5fc80e553d4a22fc4509ae543b157215d3a936f8fc649723d66305c2",
                "sha256:9401857bf5eef5c2fe040a6dce5b3b41df7234dfbcb37585ca32aaa49283ab57",
                "sha256:b549870747445aeb6596c7b0be22a127d7e2ff5293be56283ed64dfce8238546",
                "sha256:bc4a61473c78d5f1b67c67f8504b7433d3ef1bc6e1c6a89e7c583ba1c8b9e6ee",
                "sha256:be981e1f1a205721df63e8a3d8f46d18f3fcfa5a5b7394d95d253fff3594e059",
                "sha256:c924149ae964d0379322121868c34c1580cc7054374daac27d97652d69af9973",
                "sha256:c98a849da29147e7160d84011764a23bca8c3c3b4e7568bf172fdf6147d40e25",
                "sha256:cca01d308c725013e555db9413ab4046323e9685f6fa67555f98f08cb4849200",
                "sha256:d13420d91ce835fe3a8fdfd096f0ca71bf5f47761c10ba893d31f99564650e6b",
                "sha256:d4cdcf7d0a37ebde934ec91e691c638c0272a310fbdb31a51757436a5bd58967",
                "sha256:fcfc4869bcd15eb7b90baceb50bfaf1cdfea4a9c2bfa50db17114c6665ca835e"
            ],
            "index": "pypi",
            "version": "==1.3.2"
        }
    },
    "develop": {
        "autopep8": {
            "hashes": [
                "sha256:33d2b5325b7e1afb4240814fe982eea3a92ebea712869bfd08b3c0393404248c"
            ],
            "index": "pypi",
            "version": "==1.4.3"
        },
        "pycodestyle": {
            "hashes": [
                "sha256:2295e7b2f6b5bd100585ebcb1f616591b652db8a741695b3d8f5d28bdc934367",
                "sha256:c58a7d2815e0e8d7972bf1803331fb0152f867bd89adf8a01dfd55085434192e"
            ],
            "version": "==2.6.0"
        }
    }
}
